
Microsoft Visual Studio Solution File, Format Version 12.00
# Visual Studio Version 16
VisualStudioVersion = 16.0.32901.82
MinimumVisualStudioVersion = 10.0.40219.1
Project("{9A19103F-16F7-4668-BE54-9A1E7A4F7556}") = "DesafioJordanRodriguesApiRest", "DesafioJordanRodriguesApiRest\DesafioJordanRodriguesApiRest.csproj", "{3F34AAFF-BFCC-403A-9663-EB2B277D86F2}"
EndProject
Project("{9A19103F-16F7-4668-BE54-9A1E7A4F7556}") = "DesafioJordanRodriguesApiRest.Data", "DesafioJordanRodriguesApiRest.Data\DesafioJordanRodriguesApiRest.Data.csproj", "{F786411E-4207-4B4A-87C7-64431A3FB737}"
EndProject
Project("{9A19103F-16F7-4668-BE54-9A1E7A4F7556}") = "DesafioJordanRodriguesApiRest.Domain", "DesafioJordanRodriguesApiRest.Domain\DesafioJordanRodriguesApiRest.Domain.csproj", "{C41985DF-0679-4C15-B4DF-279E83899B52}"
EndProject
Project("{FAE04EC0-301F-11D3-BF4B-00C04F79EFBC}") = "DesafioJordanRodriguesApiRest.Application", "DesafioJordanRodriguesApiRest.Application\DesafioJordanRodriguesApiRest.Application.csproj", "{520F4B64-2C57-4623-B1CD-2A53D125F2A6}"
EndProject
Global
	GlobalSection(SolutionConfigurationPlatforms) = preSolution
		Debug|Any CPU = Debug|Any CPU
		Release|Any CPU = Release|Any CPU
	EndGlobalSection
	GlobalSection(ProjectConfigurationPlatforms) = postSolution
		{3F34AAFF-BFCC-403A-9663-EB2B277D86F2}.Debug|Any CPU.ActiveCfg = Debug|Any CPU
		{3F34AAFF-BFCC-403A-9663-EB2B277D86F2}.Debug|Any CPU.Build.0 = Debug|Any CPU
		{3F34AAFF-BFCC-403A-9663-EB2B277D86F2}.Release|Any CPU.ActiveCfg = Release|Any CPU
		{3F34AAFF-BFCC-403A-9663-EB2B277D86F2}.Release|Any CPU.Build.0 = Release|Any CPU
		{F786411E-4207-4B4A-87C7-64431A3FB737}.Debug|Any CPU.ActiveCfg = Debug|Any CPU
		{F786411E-4207-4B4A-87C7-64431A3FB737}.Debug|Any CPU.Build.0 = Debug|Any CPU
		{F786411E-4207-4B4A-87C7-64431A3FB737}.Release|Any CPU.ActiveCfg = Release|Any CPU
		{F786411E-4207-4B4A-87C7-64431A3FB737}.Release|Any CPU.Build.0 = Release|Any CPU
		{C41985DF-0679-4C15-B4DF-279E83899B52}.Debug|Any CPU.ActiveCfg = Debug|Any CPU
		{C41985DF-0679-4C15-B4DF-279E83899B52}.Debug|Any CPU.Build.0 = Debug|Any CPU
		{C41985DF-0679-4C15-B4DF-279E83899B52}.Release|Any CPU.ActiveCfg = Release|Any CPU
		{C41985DF-0679-4C15-B4DF-279E83899B52}.Release|Any CPU.Build.0 = Release|Any CPU
		{520F4B64-2C57-4623-B1CD-2A53D125F2A6}.Debug|Any CPU.ActiveCfg = Debug|Any CPU
		{520F4B64-2C57-4623-B1CD-2A53D125F2A6}.Debug|Any CPU.Build.0 = Debug|Any CPU
		{520F4B64-2C57-4623-B1CD-2A53D125F2A6}.Release|Any CPU.ActiveCfg = Release|Any CPU
		{520F4B64-2C57-4623-B1CD-2A53D125F2A6}.Release|Any CPU.Build.0 = Release|Any CPU
	EndGlobalSection
	GlobalSection(SolutionProperties) = preSolution
		HideSolutionNode = FALSE
	EndGlobalSection
	GlobalSection(ExtensibilityGlobals) = postSolution
		SolutionGuid = {B7D3BAF3-05DF-4089-AB4F-CAB903828247}
	EndGlobalSection
EndGlobal
